
Microsoft Visual Studio Solution File, Format Version 12.00
# Visual Studio Version 16
VisualStudioVersion = 16.0.30907.101
MinimumVisualStudioVersion = 10.0.40219.1
Project("{FAE04EC0-301F-11D3-BF4B-00C04F79EFBC}") = "AgAccoutingSystem", "AgAccoutingSystem\AgAccoutingSystem.csproj", "{90B8D41A-4DAE-4E2E-83C2-AEFB4ACAC870}"
EndProject
Global
	GlobalSection(SolutionConfigurationPlatforms) = preSolution
		Debug|Any CPU = Debug|Any CPU
		Release|Any CPU = Release|Any CPU
	EndGlobalSection
	GlobalSection(ProjectConfigurationPlatforms) = postSolution
		{90B8D41A-4DAE-4E2E-83C2-AEFB4ACAC870}.Debug|Any CPU.ActiveCfg = Debug|Any CPU
		{90B8D41A-4DAE-4E2E-83C2-AEFB4ACAC870}.Debug|Any CPU.Build.0 = Debug|Any CPU
		{90B8D41A-4DAE-4E2E-83C2-AEFB4ACAC870}.Release|Any CPU.ActiveCfg = Release|Any CPU
		{90B8D41A-4DAE-4E2E-83C2-AEFB4ACAC870}.Release|Any CPU.Build.0 = Release|Any CPU
	EndGlobalSection
	GlobalSection(SolutionProperties) = preSolution
		HideSolutionNode = FALSE
	EndGlobalSection
	GlobalSection(ExtensibilityGlobals) = postSolution
		SolutionGuid = {C854B961-D986-4B0A-8C79-8D2A94D637B8}
	EndGlobalSection
EndGlobal
